// !$*UTF8*$!
{
	archiveVersion = 1;
	classes = {
	};
	objectVersion = 46;
	objects = {

/* Begin PBXBuildFile section */
		442BFA081A52F76400E2E5C4 /* AppDelegate.swift in Sources */ = {isa = PBXBuildFile; fileRef = 442BFA071A52F76400E2E5C4 /* AppDelegate.swift */; };
		442BFA0A1A52F76400E2E5C4 /* ViewController.swift in Sources */ = {isa = PBXBuildFile; fileRef = 442BFA091A52F76400E2E5C4 /* ViewController.swift */; };
		442BFA0D1A52F76400E2E5C4 /* Main.storyboard in Resources */ = {isa = PBXBuildFile; fileRef = 442BFA0B1A52F76400E2E5C4 /* Main.storyboard */; };
		442BFA0F1A52F76400E2E5C4 /* Images.xcassets in Resources */ = {isa = PBXBuildFile; fileRef = 442BFA0E1A52F76400E2E5C4 /* Images.xcassets */; };
		442BFA121A52F76400E2E5C4 /* LaunchScreen.xib in Resources */ = {isa = PBXBuildFile; fileRef = 442BFA101A52F76400E2E5C4 /* LaunchScreen.xib */; };
		442BFA1E1A52F76400E2E5C4 /* AgeOfLaikaTests.swift in Sources */ = {isa = PBXBuildFile; fileRef = 442BFA1D1A52F76400E2E5C4 /* AgeOfLaikaTests.swift */; };
		442BFA281A52F83200E2E5C4 /* AgeOfLaika.jpg in Resources */ = {isa = PBXBuildFile; fileRef = 442BFA271A52F83200E2E5C4 /* AgeOfLaika.jpg */; };
/* End PBXBuildFile section */

/* Begin PBXContainerItemProxy section */
		442BFA181A52F76400E2E5C4 /* PBXContainerItemProxy */ = {
			isa = PBXContainerItemProxy;
			containerPortal = 442BF9FA1A52F76400E2E5C4 /* Project object */;
			proxyType = 1;
			remoteGlobalIDString = 442BFA011A52F76400E2E5C4;
			remoteInfo = AgeOfLaika;
		};
/* End PBXContainerItemProxy section */

/* Begin PBXFileReference section */
		442BFA021A52F76400E2E5C4 /* AgeOfLaika.app */ = {isa = PBXFileReference; explicitFileType = wrapper.application; includeInIndex = 0; path = AgeOfLaika.app; sourceTree = BUILT_PRODUCTS_DIR; };
		442BFA061A52F76400E2E5C4 /* Info.plist */ = {isa = PBXFileReference; lastKnownFileType = text.plist.xml; path = Info.plist; sourceTree = "<group>"; };
		442BFA071A52F76400E2E5C4 /* AppDelegate.swift */ = {isa = PBXFileReference; lastKnownFileType = sourcecode.swift; path = AppDelegate.swift; sourceTree = "<group>"; };
		442BFA091A52F76400E2E5C4 /* ViewController.swift */ = {isa = PBXFileReference; lastKnownFileType = sourcecode.swift; path = ViewController.swift; sourceTree = "<group>"; };
		442BFA0C1A52F76400E2E5C4 /* Base */ = {isa = PBXFileReference; lastKnownFileType = file.storyboard; name = Base; path = Base.lproj/Main.storyboard; sourceTree = "<group>"; };
		442BFA0E1A52F76400E2E5C4 /* Images.xcassets */ = {isa = PBXFileReference; lastKnownFileType = folder.assetcatalog; path = Images.xcassets; sourceTree = "<group>"; };
		442BFA111A52F76400E2E5C4 /* Base */ = {isa = PBXFileReference; lastKnownFileType = file.xib; name = Base; path = Base.lproj/LaunchScreen.xib; sourceTree = "<group>"; };
		442BFA171A52F76400E2E5C4 /* AgeOfLaikaTests.xctest */ = {isa = PBXFileReference; explicitFileType = wrapper.cfbundle; includeInIndex = 0; path = AgeOfLaikaTests.xctest; sourceTree = BUILT_PRODUCTS_DIR; };
		442BFA1C1A52F76400E2E5C4 /* Info.plist */ = {isa = PBXFileReference; lastKnownFileType = text.plist.xml; path = Info.plist; sourceTree = "<group>"; };
		442BFA1D1A52F76400E2E5C4 /* AgeOfLaikaTests.swift */ = {isa = PBXFileReference; lastKnownFileType = sourcecode.swift; path = AgeOfLaikaTests.swift; sourceTree = "<group>"; };
		442BFA271A52F83200E2E5C4 /* AgeOfLaika.jpg */ = {isa = PBXFileReference; lastKnownFileType = image.jpeg; path = AgeOfLaika.jpg; sourceTree = "<group>"; };
/* End PBXFileReference section */

/* Begin PBXFrameworksBuildPhase section */
		442BF9FF1A52F76400E2E5C4 /* Frameworks */ = {
			isa = PBXFrameworksBuildPhase;
			buildActionMask = 2147483647;
			files = (
			);
			runOnlyForDeploymentPostprocessing = 0;
		};
		442BFA141A52F76400E2E5C4 /* Frameworks */ = {
			isa = PBXFrameworksBuildPhase;
			buildActionMask = 2147483647;
			files = (
			);
			runOnlyForDeploymentPostprocessing = 0;
		};
/* End PBXFrameworksBuildPhase section */

/* Begin PBXGroup section */
		442BF9F91A52F76400E2E5C4 = {
			isa = PBXGroup;
			children = (
				442BFA041A52F76400E2E5C4 /* AgeOfLaika */,
				442BFA1A1A52F76400E2E5C4 /* AgeOfLaikaTests */,
				442BFA031A52F76400E2E5C4 /* Products */,
			);
			sourceTree = "<group>";
		};
		442BFA031A52F76400E2E5C4 /* Products */ = {
			isa = PBXGroup;
			children = (
				442BFA021A52F76400E2E5C4 /* AgeOfLaika.app */,
				442BFA171A52F76400E2E5C4 /* AgeOfLaikaTests.xctest */,
			);
			name = Products;
			sourceTree = "<group>";
		};
		442BFA041A52F76400E2E5C4 /* AgeOfLaika */ = {
			isa = PBXGroup;
			children = (
				442BFA071A52F76400E2E5C4 /* AppDelegate.swift */,
				442BFA091A52F76400E2E5C4 /* ViewController.swift */,
				442BFA0B1A52F76400E2E5C4 /* Main.storyboard */,
				442BFA0E1A52F76400E2E5C4 /* Images.xcassets */,
				442BFA101A52F76400E2E5C4 /* LaunchScreen.xib */,
				442BFA051A52F76400E2E5C4 /* Supporting Files */,
			);
			path = AgeOfLaika;
			sourceTree = "<group>";
		};
		442BFA051A52F76400E2E5C4 /* Supporting Files */ = {
			isa = PBXGroup;
			children = (
				442BFA271A52F83200E2E5C4 /* AgeOfLaika.jpg */,
				442BFA061A52F76400E2E5C4 /* Info.plist */,
			);
			name = "Supporting Files";
			sourceTree = "<group>";
		};
		442BFA1A1A52F76400E2E5C4 /* AgeOfLaikaTests */ = {
			isa = PBXGroup;
			children = (
				442BFA1D1A52F76400E2E5C4 /* AgeOfLaikaTests.swift */,
				442BFA1B1A52F76400E2E5C4 /* Supporting Files */,
			);
			path = AgeOfLaikaTests;
			sourceTree = "<group>";
		};
		442BFA1B1A52F76400E2E5C4 /* Supporting Files */ = {
			isa = PBXGroup;
			children = (
				442BFA1C1A52F76400E2E5C4 /* Info.plist */,
			);
			name = "Supporting Files";
			sourceTree = "<group>";
		};
/* End PBXGroup section */

/* Begin PBXNativeTarget section */
		442BFA011A52F76400E2E5C4 /* AgeOfLaika */ = {
			isa = PBXNativeTarget;
			buildConfigurationList = 442BFA211A52F76400E2E5C4 /* Build configuration list for PBXNativeTarget "AgeOfLaika" */;
			buildPhases = (
				442BF9FE1A52F76400E2E5C4 /* Sources */,
				442BF9FF1A52F76400E2E5C4 /* Frameworks */,
				442BFA001A52F76400E2E5C4 /* Resources */,
			);
			buildRules = (
			);
			dependencies = (
			);
			name = AgeOfLaika;
			productName = AgeOfLaika;
			productReference = 442BFA021A52F76400E2E5C4 /* AgeOfLaika.app */;
			productType = "com.apple.product-type.application";
		};
		442BFA161A52F76400E2E5C4 /* AgeOfLaikaTests */ = {
			isa = PBXNativeTarget;
			buildConfigurationList = 442BFA241A52F76400E2E5C4 /* Build configuration list for PBXNativeTarget "AgeOfLaikaTests" */;
			buildPhases = (
				442BFA131A52F76400E2E5C4 /* Sources */,
				442BFA141A52F76400E2E5C4 /* Frameworks */,
				442BFA151A52F76400E2E5C4 /* Resources */,
			);
			buildRules = (
			);
			dependencies = (
				442BFA191A52F76400E2E5C4 /* PBXTargetDependency */,
			);
			name = AgeOfLaikaTests;
			productName = AgeOfLaikaTests;
			productReference = 442BFA171A52F76400E2E5C4 /* AgeOfLaikaTests.xctest */;
			productType = "com.apple.product-type.bundle.unit-test";
		};
/* End PBXNativeTarget section */

/* Begin PBXProject section */
		442BF9FA1A52F76400E2E5C4 /* Project object */ = {
			isa = PBXProject;
			attributes = {
				LastUpgradeCheck = 0610;
				ORGANIZATIONNAME = MadKitty;
				TargetAttributes = {
					442BFA011A52F76400E2E5C4 = {
						CreatedOnToolsVersion = 6.1.1;
					};
					442BFA161A52F76400E2E5C4 = {
						CreatedOnToolsVersion = 6.1.1;
						TestTargetID = 442BFA011A52F76400E2E5C4;
					};
				};
			};
			buildConfigurationList = 442BF9FD1A52F76400E2E5C4 /* Build configuration list for PBXProject "AgeOfLaika" */;
			compatibilityVersion = "Xcode 3.2";
			developmentRegion = English;
			hasScannedForEncodings = 0;
			knownRegions = (
				en,
				Base,
			);
			mainGroup = 442BF9F91A52F76400E2E5C4;
			productRefGroup = 442BFA031A52F76400E2E5C4 /* Products */;
			projectDirPath = "";
			projectRoot = "";
			targets = (
				442BFA011A52F76400E2E5C4 /* AgeOfLaika */,
				442BFA161A52F76400E2E5C4 /* AgeOfLaikaTests */,
			);
		};
/* End PBXProject section */

/* Begin PBXResourcesBuildPhase section */
		442BFA001A52F76400E2E5C4 /* Resources */ = {
			isa = PBXResourcesBuildPhase;
			buildActionMask = 2147483647;
			files = (
				442BFA0D1A52F76400E2E5C4 /* Main.storyboard in Resources */,
				442BFA281A52F83200E2E5C4 /* AgeOfLaika.jpg in Resources */,
				442BFA121A52F76400E2E5C4 /* LaunchScreen.xib in Resources */,
				442BFA0F1A52F76400E2E5C4 /* Images.xcassets in Resources */,
			);
			runOnlyForDeploymentPostprocessing = 0;
		};
		442BFA151A52F76400E2E5C4 /* Resources */ = {
			isa = PBXResourcesBuildPhase;
			buildActionMask = 2147483647;
			files = (
			);
			runOnlyForDeploymentPostprocessing = 0;
		};
/* End PBXResourcesBuildPhase section */

/* Begin PBXSourcesBuildPhase section */
		442BF9FE1A52F76400E2E5C4 /* Sources */ = {
			isa = PBXSourcesBuildPhase;
			buildActionMask = 2147483647;
			files = (
				442BFA0A1A52F76400E2E5C4 /* ViewController.swift in Sources */,
				442BFA081A52F76400E2E5C4 /* AppDelegate.swift in Sources */,
			);
			runOnlyForDeploymentPostprocessing = 0;
		};
		442BFA131A52F76400E2E5C4 /* Sources */ = {
			isa = PBXSourcesBuildPhase;
			buildActionMask = 2147483647;
			files = (
				442BFA1E1A52F76400E2E5C4 /* AgeOfLaikaTests.swift in Sources */,
			);
			runOnlyForDeploymentPostprocessing = 0;
		};
/* End PBXSourcesBuildPhase section */

/* Begin PBXTargetDependency section */
		442BFA191A52F76400E2E5C4 /* PBXTargetDependency */ = {
			isa = PBXTargetDependency;
			target = 442BFA011A52F76400E2E5C4 /* AgeOfLaika */;
			targetProxy = 442BFA181A52F76400E2E5C4 /* PBXContainerItemProxy */;
		};
/* End PBXTargetDependency section */

/* Begin PBXVariantGroup section */
		442BFA0B1A52F76400E2E5C4 /* Main.storyboard */ = {
			isa = PBXVariantGroup;
			children = (
				442BFA0C1A52F76400E2E5C4 /* Base */,
			);
			name = Main.storyboard;
			sourceTree = "<group>";
		};
		442BFA101A52F76400E2E5C4 /* LaunchScreen.xib */ = {
			isa = PBXVariantGroup;
			children = (
				442BFA111A52F76400E2E5C4 /* Base */,
			);
			name = LaunchScreen.xib;
			sourceTree = "<group>";
		};
/* End PBXVariantGroup section */

/* Begin XCBuildConfiguration section */
		442BFA1F1A52F76400E2E5C4 /* Debug */ = {
			isa = XCBuildConfiguration;
			buildSettings = {
				ALWAYS_SEARCH_USER_PATHS = NO;
				CLANG_CXX_LANGUAGE_STANDARD = "gnu++0x";
				CLANG_CXX_LIBRARY = "libc++";
				CLANG_ENABLE_MODULES = YES;
				CLANG_ENABLE_OBJC_ARC = YES;
				CLANG_WARN_BOOL_CONVERSION = YES;
				CLANG_WARN_CONSTANT_CONVERSION = YES;
				CLANG_WARN_DIRECT_OBJC_ISA_USAGE = YES_ERROR;
				CLANG_WARN_EMPTY_BODY = YES;
				CLANG_WARN_ENUM_CONVERSION = YES;
				CLANG_WARN_INT_CONVERSION = YES;
				CLANG_WARN_OBJC_ROOT_CLASS = YES_ERROR;
				CLANG_WARN_UNREACHABLE_CODE = YES;
				CLANG_WARN__DUPLICATE_METHOD_MATCH = YES;
				"CODE_SIGN_IDENTITY[sdk=iphoneos*]" = "iPhone Developer";
				COPY_PHASE_STRIP = NO;
				ENABLE_STRICT_OBJC_MSGSEND = YES;
				GCC_C_LANGUAGE_STANDARD = gnu99;
				GCC_DYNAMIC_NO_PIC = NO;
				GCC_OPTIMIZATION_LEVEL = 0;
				GCC_PREPROCESSOR_DEFINITIONS = (
					"DEBUG=1",
					"$(inherited)",
				);
				GCC_SYMBOLS_PRIVATE_EXTERN = NO;
				GCC_WARN_64_TO_32_BIT_CONVERSION = YES;
				GCC_WARN_ABOUT_RETURN_TYPE = YES_ERROR;
				GCC_WARN_UNDECLARED_SELECTOR = YES;
				GCC_WARN_UNINITIALIZED_AUTOS = YES_AGGRESSIVE;
				GCC_WARN_UNUSED_FUNCTION = YES;
				GCC_WARN_UNUSED_VARIABLE = YES;
				IPHONEOS_DEPLOYMENT_TARGET = 8.1;
				MTL_ENABLE_DEBUG_INFO = YES;
				ONLY_ACTIVE_ARCH = YES;
				SDKROOT = iphoneos;
				SWIFT_OPTIMIZATION_LEVEL = "-Onone";
				TARGETED_DEVICE_FAMILY = "1,2";
			};
			name = Debug;
		};
		442BFA201A52F76400E2E5C4 /* Release */ = {
			isa = XCBuildConfiguration;
			buildSettings = {
				ALWAYS_SEARCH_USER_PATHS = NO;
				CLANG_CXX_LANGUAGE_STANDARD = "gnu++0x";
				CLANG_CXX_LIBRARY = "libc++";
				CLANG_ENABLE_MODULES = YES;
				CLANG_ENABLE_OBJC_ARC = YES;
				CLANG_WARN_BOOL_CONVERSION = YES;
				CLANG_WARN_CONSTANT_CONVERSION = YES;
				CLANG_WARN_DIRECT_OBJC_ISA_USAGE = YES_ERROR;
				CLANG_WARN_EMPTY_BODY = YES;
				CLANG_WARN_ENUM_CONVERSION = YES;
				CLANG_WARN_INT_CONVERSION = YES;
				CLANG_WARN_OBJC_ROOT_CLASS = YES_ERROR;
				CLANG_WARN_UNREACHABLE_CODE = YES;
				CLANG_WARN__DUPLICATE_METHOD_MATCH = YES;
				"CODE_SIGN_IDENTITY[sdk=iphoneos*]" = "iPhone Developer";
				COPY_PHASE_STRIP = YES;
				ENABLE_NS_ASSERTIONS = NO;
				ENABLE_STRICT_OBJC_MSGSEND = YES;
				GCC_C_LANGUAGE_STANDARD = gnu99;
				GCC_WARN_64_TO_32_BIT_CONVERSION = YES;
				GCC_WARN_ABOUT_RETURN_TYPE = YES_ERROR;
				GCC_WARN_UNDECLARED_SELECTOR = YES;
				GCC_WARN_UNINITIALIZED_AUTOS = YES_AGGRESSIVE;
				GCC_WARN_UNUSED_FUNCTION = YES;
				GCC_WARN_UNUSED_VARIABLE = YES;
				IPHONEOS_DEPLOYMENT_TARGET = 8.1;
				MTL_ENABLE_DEBUG_INFO = NO;
				SDKROOT = iphoneos;
				TARGETED_DEVICE_FAMILY = "1,2";
				VALIDATE_PRODUCT = YES;
			};
			name = Release;
		};
		442BFA221A52F76400E2E5C4 /* Debug */ = {
			isa = XCBuildConfiguration;
			buildSettings = {
				ASSETCATALOG_COMPILER_APPICON_NAME = AppIcon;
				INFOPLIST_FILE = AgeOfLaika/Info.plist;
				LD_RUNPATH_SEARCH_PATHS = "$(inherited) @executable_path/Frameworks";
				PRODUCT_NAME = "$(TARGET_NAME)";
			};
			name = Debug;
		};
		442BFA231A52F76400E2E5C4 /* Release */ = {
			isa = XCBuildConfiguration;
			buildSettings = {
				ASSETCATALOG_COMPILER_APPICON_NAME = AppIcon;
				INFOPLIST_FILE = AgeOfLaika/Info.plist;
				LD_RUNPATH_SEARCH_PATHS = "$(inherited) @executable_path/Frameworks";
				PRODUCT_NAME = "$(TARGET_NAME)";
			};
			name = Release;
		};
		442BFA251A52F76400E2E5C4 /* Debug */ = {
			isa = XCBuildConfiguration;
			buildSettings = {
				BUNDLE_LOADER = "$(TEST_HOST)";
				FRAMEWORK_SEARCH_PATHS = (
					"$(SDKROOT)/Developer/Library/Frameworks",
					"$(inherited)",
				);
				GCC_PREPROCESSOR_DEFINITIONS = (
					"DEBUG=1",
					"$(inherited)",
				);
				INFOPLIST_FILE = AgeOfLaikaTests/Info.plist;
				LD_RUNPATH_SEARCH_PATHS = "$(inherited) @executable_path/Frameworks @loader_path/Frameworks";
				PRODUCT_NAME = "$(TARGET_NAME)";
				TEST_HOST = "$(BUILT_PRODUCTS_DIR)/AgeOfLaika.app/AgeOfLaika";
			};
			name = Debug;
		};
		442BFA261A52F76400E2E5C4 /* Release */ = {
			isa = XCBuildConfiguration;
			buildSettings = {
				BUNDLE_LOADER = "$(TEST_HOST)";
				FRAMEWORK_SEARCH_PATHS = (
					"$(SDKROOT)/Developer/Library/Frameworks",
					"$(inherited)",
				);
				INFOPLIST_FILE = AgeOfLaikaTests/Info.plist;
				LD_RUNPATH_SEARCH_PATHS = "$(inherited) @executable_path/Frameworks @loader_path/Frameworks";
				PRODUCT_NAME = "$(TARGET_NAME)";
				TEST_HOST = "$(BUILT_PRODUCTS_DIR)/AgeOfLaika.app/AgeOfLaika";
			};
			name = Release;
		};
/* End XCBuildConfiguration section */

/* Begin XCConfigurationList section */
		442BF9FD1A52F76400E2E5C4 /* Build configuration list for PBXProject "AgeOfLaika" */ = {
			isa = XCConfigurationList;
			buildConfigurations = (
				442BFA1F1A52F76400E2E5C4 /* Debug */,
				442BFA201A52F76400E2E5C4 /* Release */,
			);
			defaultConfigurationIsVisible = 0;
			defaultConfigurationName = Release;
		};
		442BFA211A52F76400E2E5C4 /* Build configuration list for PBXNativeTarget "AgeOfLaika" */ = {
			isa = XCConfigurationList;
			buildConfigurations = (
				442BFA221A52F76400E2E5C4 /* Debug */,
				442BFA231A52F76400E2E5C4 /* Release */,
			);
			defaultConfigurationIsVisible = 0;
		};
		442BFA241A52F76400E2E5C4 /* Build configuration list for PBXNativeTarget "AgeOfLaikaTests" */ = {
			isa = XCConfigurationList;
			buildConfigurations = (
				442BFA251A52F76400E2E5C4 /* Debug */,
				442BFA261A52F76400E2E5C4 /* Release */,
			);
			defaultConfigurationIsVisible = 0;
		};
/* End XCConfigurationList section */
	};
	rootObject = 442BF9FA1A52F76400E2E5C4 /* Project object */;
}
